lockfileVersion: '9.0'

settings:
  autoInstallPeers: true
  excludeLinksFromLockfile: false

importers:

  .:
    dependencies:
      '@tauri-apps/api':
        specifier: ^2.1.1
        version: 2.1.1

packages:

  '@tauri-apps/api@2.1.1':
    resolution: {integrity: sha512-fzUfFFKo4lknXGJq8qrCidkUcKcH2UHhfaaCNt4GzgzGaW2iS26uFOg4tS3H4P8D6ZEeUxtiD5z0nwFF0UN30A==}

snapshots:

  '@tauri-apps/api@2.1.1': {}
